
Microsoft Visual Studio Solution File, Format Version 12.00
# Visual Studio Version 16
VisualStudioVersion = 16.0.30804.86
MinimumVisualStudioVersion = 10.0.40219.1
Project("{FAE04EC0-301F-11D3-BF4B-00C04F79EFBC}") = "EventsManagerApi", "EventsManagerApi\EventsManagerApi.csproj", "{8B1922FB-81B5-40DC-94B6-F7C02B4FE98C}"
EndProject
Project("{FAE04EC0-301F-11D3-BF4B-00C04F79EFBC}") = "AuthProvider", "AuthProvider\AuthProvider.csproj", "{D2A9535A-C3FF-49BB-B68A-ACE57FFC389A}"
EndProject
Global
	GlobalSection(SolutionConfigurationPlatforms) = preSolution
		Debug|Any CPU = Debug|Any CPU
		Release|Any CPU = Release|Any CPU
	EndGlobalSection
	GlobalSection(ProjectConfigurationPlatforms) = postSolution
		{8B1922FB-81B5-40DC-94B6-F7C02B4FE98C}.Debug|Any CPU.ActiveCfg = Debug|Any CPU
		{8B1922FB-81B5-40DC-94B6-F7C02B4FE98C}.Debug|Any CPU.Build.0 = Debug|Any CPU
		{8B1922FB-81B5-40DC-94B6-F7C02B4FE98C}.Release|Any CPU.ActiveCfg = Release|Any CPU
		{8B1922FB-81B5-40DC-94B6-F7C02B4FE98C}.Release|Any CPU.Build.0 = Release|Any CPU
		{D2A9535A-C3FF-49BB-B68A-ACE57FFC389A}.Debug|Any CPU.ActiveCfg = Debug|Any CPU
		{D2A9535A-C3FF-49BB-B68A-ACE57FFC389A}.Debug|Any CPU.Build.0 = Debug|Any CPU
		{D2A9535A-C3FF-49BB-B68A-ACE57FFC389A}.Release|Any CPU.ActiveCfg = Release|Any CPU
		{D2A9535A-C3FF-49BB-B68A-ACE57FFC389A}.Release|Any CPU.Build.0 = Release|Any CPU
	EndGlobalSection
	GlobalSection(SolutionProperties) = preSolution
		HideSolutionNode = FALSE
	EndGlobalSection
	GlobalSection(ExtensibilityGlobals) = postSolution
		SolutionGuid = {DA8DBF65-FDDB-40A6-AC53-1E3BA493F128}
	EndGlobalSection
EndGlobal
